schema: '2.0'
stages:
  data_collection:
    cmd: python src/data/data_collection.py
    deps:
    - path: src/data/data_collection.py
      hash: md5
      md5: 8ca0238a129f0068ff181dc0d346a1c8
      size: 2580
    outs:
    - path: data/raw
      hash: md5
      md5: c0c2d65c14a603e91e029fda3c344a5c.dir
      size: 522262
      nfiles: 2
  pre_processing:
    cmd: python src/data/data_prep.py
    deps:
    - path: data/raw
      hash: md5
      md5: c0c2d65c14a603e91e029fda3c344a5c.dir
      size: 522262
      nfiles: 2
    - path: src/data/data_prep.py
      hash: md5
      md5: c36077980c475f1d67a543259eef7a24
      size: 2449
    outs:
    - path: data/processed
      hash: md5
      md5: e34c84b2d0f2a75442271cd6c5779b7c.dir
      size: 546895
      nfiles: 2
  model_building:
    cmd: python src/model/model_building.py
    deps:
    - path: data/processed
      hash: md5
      md5: e34c84b2d0f2a75442271cd6c5779b7c.dir
      size: 546895
      nfiles: 2
    - path: src/model/model_building.py
      hash: md5
      md5: b45b95bcd5584826d4f6bba7309cb237
      size: 3110
    outs:
    - path: models/model.pkl
      hash: md5
      md5: ec213b08300dbf5ff9e7767e9e71b289
      size: 73672388
  model_eval:
    cmd: python src/model/model_eval.py
    deps:
    - path: models/model.pkl
      hash: md5
      md5: ec213b08300dbf5ff9e7767e9e71b289
      size: 73672388
    - path: src/model/model_eval.py
      hash: md5
      md5: 4dd038156986281557bb55a82a026272
      size: 4780
    outs:
    - path: reports/metrics.json
      hash: md5
      md5: 83007a0944ab3b7edb1e2ffcb8ddc13f
      size: 133
